
Microsoft Visual Studio Solution File, Format Version 12.00
# Visual Studio Version 17
VisualStudioVersion = 17.8.34316.72
MinimumVisualStudioVersion = 10.0.40219.1
Project("{9A19103F-16F7-4668-BE54-9A1E7A4F7556}") = "RtlEditor2.Desktop", "RtlEditor2.Desktop\RtlEditor2.Desktop.csproj", "{F04A1E8C-F8BE-49F8-BCCA-5F091CA3BAE4}"
EndProject
Project("{9A19103F-16F7-4668-BE54-9A1E7A4F7556}") = "CodeEditor2", "CodeEditor2\CodeEditor2\CodeEditor2\CodeEditor2.csproj", "{98DEA9B6-5386-49BB-AA3B-FAE886A179AA}"
EndProject
Project("{9A19103F-16F7-4668-BE54-9A1E7A4F7556}") = "CodeEditor2Plugin", "CodeEditor2Plugin\CodeEditor2Plugin\CodeEditor2Plugin\CodeEditor2Plugin.csproj", "{437F4D7E-9772-4527-9548-BD2218C13C18}"
EndProject
Project("{9A19103F-16F7-4668-BE54-9A1E7A4F7556}") = "AvaloniaEdit", "AvaloniaEdit\src\AvaloniaEdit\AvaloniaEdit.csproj", "{36635FF4-70CC-49E7-95C9-37E492870F91}"
EndProject
Project("{9A19103F-16F7-4668-BE54-9A1E7A4F7556}") = "CodeEditor2MarkdownPlugin", "CodeEditor2MarkdownPlugin\CodeEditor2MarkdownPlugin\CodeEditor2MarkdownPlugin\CodeEditor2MarkdownPlugin.csproj", "{498B3672-F113-4781-894A-4F4035B143B0}"
EndProject
Project("{9A19103F-16F7-4668-BE54-9A1E7A4F7556}") = "CodeEditor2VerilogPlugin", "CodeEditor2VerilogPlugin\CodeEditor2VerilogPlugin\CodeEditor2VerilogPlugin\CodeEditor2VerilogPlugin.csproj", "{5A5B5C43-12B2-4080-8B6F-66E219122138}"
EndProject
Project("{9A19103F-16F7-4668-BE54-9A1E7A4F7556}") = "AjkAvaloniaLibs", "AjkAvaloniaLibs\AjkAvaloniaLibs\AjkAvaloniaLibs.csproj", "{0A7D4D86-C681-4E57-B9FB-89053586F11A}"
EndProject
Project("{9A19103F-16F7-4668-BE54-9A1E7A4F7556}") = "CodeEditor2IcarusVerilogPlugin", "CodeEditor2IcarusVerilogPlugin\CodeEditor2IcarusVerilogPlugin\CodeEditor2IcarusVerilogPlugin.csproj", "{99F972B7-D441-43FA-A197-4329A91C75C8}"
EndProject
Project("{9A19103F-16F7-4668-BE54-9A1E7A4F7556}") = "CodeEditor2VivadoPlugin", "CodeEditor2VivadoPlugin\CodeEditor2VivadoPlugin\CodeEditor2VivadoPlugin.csproj", "{426B573D-7239-47D8-A507-BAB0BC51D72C}"
EndProject
Project("{FAE04EC0-301F-11D3-BF4B-00C04F79EFBC}") = "ajkCefGlue", "ajkCefGlue\ajkCefGlue\ajkCefGlue.csproj", "{88E39000-F9D3-47B3-99D7-48329DCFFB04}"
EndProject
Project("{FAE04EC0-301F-11D3-BF4B-00C04F79EFBC}") = "CodeEditor2AiPlugin", "CodeEditor2AiPlugin\CodeEditor2AiPlugin\CodeEditor2AiPlugin.csproj", "{B48C27C5-FB11-4D39-8691-641235970B36}"
EndProject
Project("{2150E333-8FDC-42A3-9474-1A3956D46DE8}") = "Solution Items", "Solution Items", "{47C4CA36-5540-4F33-B224-8F180BC3E40E}"
EndProject
Project("{FAE04EC0-301F-11D3-BF4B-00C04F79EFBC}") = "CodeEditor2DrawIoPlugin", "CodeEditor2DrawIoPlugin\CodeEditor2DrawIoPlugin\CodeEditor2DrawIoPlugin.csproj", "{CC0D73F0-273F-431D-97DB-BAFD738D5610}"
EndProject
Global
	GlobalSection(SolutionConfigurationPlatforms) = preSolution
		Debug|x64 = Debug|x64
		Release|x64 = Release|x64
	EndGlobalSection
	GlobalSection(ProjectConfigurationPlatforms) = postSolution
		{F04A1E8C-F8BE-49F8-BCCA-5F091CA3BAE4}.Debug|x64.ActiveCfg = Debug|x64
		{F04A1E8C-F8BE-49F8-BCCA-5F091CA3BAE4}.Debug|x64.Build.0 = Debug|x64
		{F04A1E8C-F8BE-49F8-BCCA-5F091CA3BAE4}.Release|x64.ActiveCfg = Release|x64
		{F04A1E8C-F8BE-49F8-BCCA-5F091CA3BAE4}.Release|x64.Build.0 = Release|x64
		{98DEA9B6-5386-49BB-AA3B-FAE886A179AA}.Debug|x64.ActiveCfg = Debug|x64
		{98DEA9B6-5386-49BB-AA3B-FAE886A179AA}.Debug|x64.Build.0 = Debug|x64
		{98DEA9B6-5386-49BB-AA3B-FAE886A179AA}.Release|x64.ActiveCfg = Release|x64
		{98DEA9B6-5386-49BB-AA3B-FAE886A179AA}.Release|x64.Build.0 = Release|x64
		{437F4D7E-9772-4527-9548-BD2218C13C18}.Debug|x64.ActiveCfg = Debug|x64
		{437F4D7E-9772-4527-9548-BD2218C13C18}.Debug|x64.Build.0 = Debug|x64
		{437F4D7E-9772-4527-9548-BD2218C13C18}.Release|x64.ActiveCfg = Release|x64
		{437F4D7E-9772-4527-9548-BD2218C13C18}.Release|x64.Build.0 = Release|x64
		{36635FF4-70CC-49E7-95C9-37E492870F91}.Debug|x64.ActiveCfg = Debug|x64
		{36635FF4-70CC-49E7-95C9-37E492870F91}.Debug|x64.Build.0 = Debug|x64
		{36635FF4-70CC-49E7-95C9-37E492870F91}.Release|x64.ActiveCfg = Release|x64
		{36635FF4-70CC-49E7-95C9-37E492870F91}.Release|x64.Build.0 = Release|x64
		{498B3672-F113-4781-894A-4F4035B143B0}.Debug|x64.ActiveCfg = Debug|x64
		{498B3672-F113-4781-894A-4F4035B143B0}.Debug|x64.Build.0 = Debug|x64
		{498B3672-F113-4781-894A-4F4035B143B0}.Release|x64.ActiveCfg = Release|x64
		{498B3672-F113-4781-894A-4F4035B143B0}.Release|x64.Build.0 = Release|x64
		{5A5B5C43-12B2-4080-8B6F-66E219122138}.Debug|x64.ActiveCfg = Debug|x64
		{5A5B5C43-12B2-4080-8B6F-66E219122138}.Debug|x64.Build.0 = Debug|x64
		{5A5B5C43-12B2-4080-8B6F-66E219122138}.Release|x64.ActiveCfg = Release|x64
		{5A5B5C43-12B2-4080-8B6F-66E219122138}.Release|x64.Build.0 = Release|x64
		{0A7D4D86-C681-4E57-B9FB-89053586F11A}.Debug|x64.ActiveCfg = Debug|x64
		{0A7D4D86-C681-4E57-B9FB-89053586F11A}.Debug|x64.Build.0 = Debug|x64
		{0A7D4D86-C681-4E57-B9FB-89053586F11A}.Release|x64.ActiveCfg = Release|x64
		{0A7D4D86-C681-4E57-B9FB-89053586F11A}.Release|x64.Build.0 = Release|x64
		{99F972B7-D441-43FA-A197-4329A91C75C8}.Debug|x64.ActiveCfg = Debug|x64
		{99F972B7-D441-43FA-A197-4329A91C75C8}.Debug|x64.Build.0 = Debug|x64
		{99F972B7-D441-43FA-A197-4329A91C75C8}.Release|x64.ActiveCfg = Release|x64
		{99F972B7-D441-43FA-A197-4329A91C75C8}.Release|x64.Build.0 = Release|x64
		{426B573D-7239-47D8-A507-BAB0BC51D72C}.Debug|x64.ActiveCfg = Debug|x64
		{426B573D-7239-47D8-A507-BAB0BC51D72C}.Debug|x64.Build.0 = Debug|x64
		{426B573D-7239-47D8-A507-BAB0BC51D72C}.Release|x64.ActiveCfg = Release|x64
		{426B573D-7239-47D8-A507-BAB0BC51D72C}.Release|x64.Build.0 = Release|x64
		{88E39000-F9D3-47B3-99D7-48329DCFFB04}.Debug|x64.ActiveCfg = Debug|x64
		{88E39000-F9D3-47B3-99D7-48329DCFFB04}.Debug|x64.Build.0 = Debug|x64
		{88E39000-F9D3-47B3-99D7-48329DCFFB04}.Release|x64.ActiveCfg = Release|x64
		{88E39000-F9D3-47B3-99D7-48329DCFFB04}.Release|x64.Build.0 = Release|x64
		{B48C27C5-FB11-4D39-8691-641235970B36}.Debug|x64.ActiveCfg = Debug|x64
		{B48C27C5-FB11-4D39-8691-641235970B36}.Debug|x64.Build.0 = Debug|x64
		{B48C27C5-FB11-4D39-8691-641235970B36}.Release|x64.ActiveCfg = Release|x64
		{B48C27C5-FB11-4D39-8691-641235970B36}.Release|x64.Build.0 = Release|x64
		{CC0D73F0-273F-431D-97DB-BAFD738D5610}.Debug|x64.ActiveCfg = Debug|x64
		{CC0D73F0-273F-431D-97DB-BAFD738D5610}.Debug|x64.Build.0 = Debug|x64
		{CC0D73F0-273F-431D-97DB-BAFD738D5610}.Release|x64.ActiveCfg = Release|Any CPU
		{CC0D73F0-273F-431D-97DB-BAFD738D5610}.Release|x64.Build.0 = Release|Any CPU
	EndGlobalSection
	GlobalSection(SolutionProperties) = preSolution
		HideSolutionNode = FALSE
	EndGlobalSection
	GlobalSection(ExtensibilityGlobals) = postSolution
		SolutionGuid = {DE63DEFE-E952-42CF-9134-230B91E668DA}
	EndGlobalSection
EndGlobal
